
Microsoft Visual Studio Solution File, Format Version 11.00
# Visual Studio 2010
Project("{FAE04EC0-301F-11D3-BF4B-00C04F79EFBC}") = "CRM", "CRM\CRM.csproj", "{C8632B27-1BDC-4BF4-9F5E-192A789CEE09}"
EndProject
Global
	GlobalSection(SolutionConfigurationPlatforms) = preSolution
		Debug|x86 = Debug|x86
		Release|x86 = Release|x86
	EndGlobalSection
	GlobalSection(ProjectConfigurationPlatforms) = postSolution
		{C8632B27-1BDC-4BF4-9F5E-192A789CEE09}.Debug|x86.ActiveCfg = Debug|x86
		{C8632B27-1BDC-4BF4-9F5E-192A789CEE09}.Debug|x86.Build.0 = Debug|x86
		{C8632B27-1BDC-4BF4-9F5E-192A789CEE09}.Release|x86.ActiveCfg = Release|x86
		{C8632B27-1BDC-4BF4-9F5E-192A789CEE09}.Release|x86.Build.0 = Release|x86
	EndGlobalSection
	GlobalSection(SolutionProperties) = preSolution
		HideSolutionNode = FALSE
	EndGlobalSection
EndGlobal
